# THIS IS AN AUTOGENERATED FILE. DO NOT EDIT THIS FILE DIRECTLY.
# yarn lockfile v1


"@cspotcode/source-map-support@^0.8.0":
  "integrity" "sha512-IchNf6dN4tHoMFIn/7OE8LWZ19Y6q/67Bmf6vnGREv8RSbBVb9LPJxEcnwrcwX6ixSvaiGoomAUvu4YSxXrVgw=="
  "resolved" "https://registry.npmjs.org/@cspotcode/source-map-support/-/source-map-support-0.8.1.tgz"
  "version" "0.8.1"
  dependencies:
    "@jridgewell/trace-mapping" "0.3.9"

"@jridgewell/resolve-uri@^3.0.3":
  "integrity" "sha512-F2msla3tad+Mfht5cJq7LSXcdudKTWCVYUgw6pLFOOHSTtZlj6SWNYAp+AhuqLmWdBO2X5hPrLcu8cVP8fy28w=="
  "resolved" "https://registry.npmjs.org/@jridgewell/resolve-uri/-/resolve-uri-3.1.0.tgz"
  "version" "3.1.0"

"@jridgewell/sourcemap-codec@^1.4.10":
  "integrity" "sha512-XPSJHWmi394fuUuzDnGz1wiKqWfo1yXecHQMRf2l6hztTO+nPru658AyDngaBe7isIxEkRsPR3FZh+s7iVa4Uw=="
  "resolved" "https://registry.npmjs.org/@jridgewell/sourcemap-codec/-/sourcemap-codec-1.4.14.tgz"
  "version" "1.4.14"

"@jridgewell/trace-mapping@0.3.9":
  "integrity" "sha512-3Belt6tdc8bPgAtbcmdtNJlirVoTmEb5e2gC94PnkwEW9jI6CAHUeoG85tjWP5WquqfavoMtMwiG4P926ZKKuQ=="
  "resolved" "https://registry.npmjs.org/@jridgewell/trace-mapping/-/trace-mapping-0.3.9.tgz"
  "version" "0.3.9"
  dependencies:
    "@jridgewell/resolve-uri" "^3.0.3"
    "@jridgewell/sourcemap-codec" "^1.4.10"

"@nodelib/fs.scandir@2.1.5":
  "integrity" "sha512-vq24Bq3ym5HEQm2NKCr3yXDwjc7vTsEThRDnkp2DK9p1uqLR+DHurm/NOTo0KG7HYHU7eppKZj3MyqYuMBf62g=="
  "resolved" "https://registry.npmjs.org/@nodelib/fs.scandir/-/fs.scandir-2.1.5.tgz"
  "version" "2.1.5"
  dependencies:
    "@nodelib/fs.stat" "2.0.5"
    "run-parallel" "^1.1.9"

"@nodelib/fs.stat@^2.0.2", "@nodelib/fs.stat@2.0.5":
  "integrity" "sha512-RkhPPp2zrqDAQA/2jNhnztcPAlv64XdhIp7a7454A5ovI7Bukxgt7MX7udwAu3zg1DcpPU0rz3VV1SeaqvY4+A=="
  "resolved" "https://registry.npmjs.org/@nodelib/fs.stat/-/fs.stat-2.0.5.tgz"
  "version" "2.0.5"

"@nodelib/fs.walk@^1.2.3":
  "integrity" "sha512-oGB+UxlgWcgQkgwo8GcEGwemoTFt3FIO9ababBmaGwXIoBKZ+GTy0pP185beGg7Llih/NSHSV2XAs1lnznocSg=="
  "resolved" "https://registry.npmjs.org/@nodelib/fs.walk/-/fs.walk-1.2.8.tgz"
  "version" "1.2.8"
  dependencies:
    "@nodelib/fs.scandir" "2.1.5"
    "fastq" "^1.6.0"

"@rollup/plugin-typescript@^8.3.4":
  "integrity" "sha512-QssfoOP6V4/6skX12EfOW5UzJAv/c334F4OJWmQpe2kg3agEa0JwVCckwmfuvEgDixyX+XyxjFenH7M2rDKUyQ=="
  "resolved" "https://registry.npmjs.org/@rollup/plugin-typescript/-/plugin-typescript-8.4.0.tgz"
  "version" "8.4.0"
  dependencies:
    "@rollup/pluginutils" "^3.1.0"
    "resolve" "^1.17.0"

"@rollup/pluginutils@^3.1.0":
  "integrity" "sha512-GksZ6pr6TpIjHm8h9lSQ8pi8BE9VeubNT0OMJ3B5uZJ8pz73NPiqOtCog/x2/QzM1ENChPKxMDhiQuRHsqc+lg=="
  "resolved" "https://registry.npmjs.org/@rollup/pluginutils/-/pluginutils-3.1.0.tgz"
  "version" "3.1.0"
  dependencies:
    "@types/estree" "0.0.39"
    "estree-walker" "^1.0.1"
    "picomatch" "^2.2.2"

"@ts-morph/common@~0.16.0":
  "integrity" "sha512-SgJpzkTgZKLKqQniCjLaE3c2L2sdL7UShvmTmPBejAKd2OKV/yfMpQ2IWpAuA+VY5wy7PkSUaEObIqEK6afFuw=="
  "resolved" "https://registry.npmjs.org/@ts-morph/common/-/common-0.16.0.tgz"
  "version" "0.16.0"
  dependencies:
    "fast-glob" "^3.2.11"
    "minimatch" "^5.1.0"
    "mkdirp" "^1.0.4"
    "path-browserify" "^1.0.1"

"@tsconfig/node10@^1.0.7":
  "integrity" "sha512-jNsYVVxU8v5g43Erja32laIDHXeoNvFEpX33OK4d6hljo3jDhCBDhx5dhCCTMWUojscpAagGiRkBKxpdl9fxqA=="
  "resolved" "https://registry.npmjs.org/@tsconfig/node10/-/node10-1.0.9.tgz"
  "version" "1.0.9"

"@tsconfig/node12@^1.0.7":
  "integrity" "sha512-cqefuRsh12pWyGsIoBKJA9luFu3mRxCA+ORZvA4ktLSzIuCUtWVxGIuXigEwO5/ywWFMZ2QEGKWvkZG1zDMTag=="
  "resolved" "https://registry.npmjs.org/@tsconfig/node12/-/node12-1.0.11.tgz"
  "version" "1.0.11"

"@tsconfig/node14@^1.0.0":
  "integrity" "sha512-ysT8mhdixWK6Hw3i1V2AeRqZ5WfXg1G43mqoYlM2nc6388Fq5jcXyr5mRsqViLx/GJYdoL0bfXD8nmF+Zn/Iow=="
  "resolved" "https://registry.npmjs.org/@tsconfig/node14/-/node14-1.0.3.tgz"
  "version" "1.0.3"

"@tsconfig/node16@^1.0.2":
  "integrity" "sha512-yOlFc+7UtL/89t2ZhjPvvB/DeAr3r+Dq58IgzsFkOAvVC6NMJXmCGjbptdXdR9qsX7pKcTL+s87FtYREi2dEEQ=="
  "resolved" "https://registry.npmjs.org/@tsconfig/node16/-/node16-1.0.3.tgz"
  "version" "1.0.3"

"@types/estree@0.0.39":
  "integrity" "sha512-EYNwp3bU+98cpU4lAWYYL7Zz+2gryWH1qbdDTidVd6hkiR6weksdbMadyXKXNPEkQFhXM+hVO9ZygomHXp+AIw=="
  "resolved" "https://registry.npmjs.org/@types/estree/-/estree-0.0.39.tgz"
  "version" "0.0.39"

"@types/node@*", "@types/node@^18.7.11":
  "integrity" "sha512-6bbDaETVi8oyIARulOE9qF1/Qdi/23z6emrUh0fNJRUmjznqrixD4MpGDdgOFk5Xb0m2H6Xu42JGdvAxaJR/wA=="
  "resolved" "https://registry.npmjs.org/@types/node/-/node-18.7.14.tgz"
  "version" "18.7.14"

"acorn-walk@^8.1.1":
  "integrity" "sha512-k+iyHEuPgSw6SbuDpGQM+06HQUa04DZ3o+F6CSzXMvvI5KMvnaEqXe+YVe555R9nn6GPt404fos4wcgpw12SDA=="
  "resolved" "https://registry.npmjs.org/acorn-walk/-/acorn-walk-8.2.0.tgz"
  "version" "8.2.0"

"acorn@^8.4.1":
  "integrity" "sha512-QOxyigPVrpZ2GXT+PFyZTl6TtOFc5egxHIP9IlQ+RbupQuX4RkT/Bee4/kQuC02Xkzg84JcT7oLYtDIQxp+v7w=="
  "resolved" "https://registry.npmjs.org/acorn/-/acorn-8.8.0.tgz"
  "version" "8.8.0"

"arg@^4.1.0":
  "integrity" "sha512-58S9QDqG0Xx27YwPSt9fJxivjYl432YCwfDMfZ+71RAqUrZef7LrKQZ3LHLOwCS4FLNBplP533Zx895SeOCHvA=="
  "resolved" "https://registry.npmjs.org/arg/-/arg-4.1.3.tgz"
  "version" "4.1.3"

"balanced-match@^1.0.0":
  "integrity" "sha512-3oSeUO0TMV67hN1AmbXsK4yaqU7tjiHlbxRDZOpH0KW9+CeX4bRAaX0Anxt0tx2MrpRpWwQaPwIlISEJhYU5Pw=="
  "resolved" "https://registry.npmjs.org/balanced-match/-/balanced-match-1.0.2.tgz"
  "version" "1.0.2"

"brace-expansion@^2.0.1":
  "integrity" "sha512-XnAIvQ8eM+kC6aULx6wuQiwVsnzsi9d3WxzV3FpWTGA19F621kwdbsAcFKXgKUHZWsy+mY6iL1sHTxWEFCytDA=="
  "resolved" "https://registry.npmjs.org/brace-expansion/-/brace-expansion-2.0.1.tgz"
  "version" "2.0.1"
  dependencies:
    "balanced-match" "^1.0.0"

"braces@^3.0.2":
  "integrity" "sha512-b8um+L1RzM3WDSzvhm6gIz1yfTbBt6YTlcEKAvsmqCZZFw46z626lVj9j1yEPW33H5H+lBQpZMP1k8l+78Ha0A=="
  "resolved" "https://registry.npmjs.org/braces/-/braces-3.0.2.tgz"
  "version" "3.0.2"
  dependencies:
    "fill-range" "^7.0.1"

"code-block-writer@^11.0.0":
  "integrity" "sha512-NiujjUFB4SwScJq2bwbYUtXbZhBSlY6vYzm++3Q6oC+U+injTqfPYFK8wS9COOmb2lueqp0ZRB4nK1VYeHgNyw=="
  "resolved" "https://registry.npmjs.org/code-block-writer/-/code-block-writer-11.0.3.tgz"
  "version" "11.0.3"

"create-require@^1.1.0":
  "integrity" "sha512-dcKFX3jn0MpIaXjisoRvexIJVEKzaq7z2rZKxf+MSr9TkdmHmsU4m2lcLojrj/FHl8mk5VxMmYA+ftRkP/3oKQ=="
  "resolved" "https://registry.npmjs.org/create-require/-/create-require-1.1.1.tgz"
  "version" "1.1.1"

"diff@^4.0.1":
  "integrity" "sha512-58lmxKSA4BNyLz+HHMUzlOEpg09FV+ev6ZMe3vJihgdxzgcwZ8VoEEPmALCZG9LmqfVoNMMKpttIYTVG6uDY7A=="
  "resolved" "https://registry.npmjs.org/diff/-/diff-4.0.2.tgz"
  "version" "4.0.2"

"esbuild-windows-64@0.14.54":
  "integrity" "sha512-AoHTRBUuYwXtZhjXZbA1pGfTo8cJo3vZIcWGLiUcTNgHpJJMC1rVA44ZereBHMJtotyN71S8Qw0npiCIkW96cQ=="
  "resolved" "https://registry.npmjs.org/esbuild-windows-64/-/esbuild-windows-64-0.14.54.tgz"
  "version" "0.14.54"

"esbuild@^0.14.47":
  "integrity" "sha512-Cy9llcy8DvET5uznocPyqL3BFRrFXSVqbgpMJ9Wz8oVjZlh/zUSNbPRbov0VX7VxN2JH1Oa0uNxZ7eLRb62pJA=="
  "resolved" "https://registry.npmjs.org/esbuild/-/esbuild-0.14.54.tgz"
  "version" "0.14.54"
  optionalDependencies:
    "@esbuild/linux-loong64" "0.14.54"
    "esbuild-android-64" "0.14.54"
    "esbuild-android-arm64" "0.14.54"
    "esbuild-darwin-64" "0.14.54"
    "esbuild-darwin-arm64" "0.14.54"
    "esbuild-freebsd-64" "0.14.54"
    "esbuild-freebsd-arm64" "0.14.54"
    "esbuild-linux-32" "0.14.54"
    "esbuild-linux-64" "0.14.54"
    "esbuild-linux-arm" "0.14.54"
    "esbuild-linux-arm64" "0.14.54"
    "esbuild-linux-mips64le" "0.14.54"
    "esbuild-linux-ppc64le" "0.14.54"
    "esbuild-linux-riscv64" "0.14.54"
    "esbuild-linux-s390x" "0.14.54"
    "esbuild-netbsd-64" "0.14.54"
    "esbuild-openbsd-64" "0.14.54"
    "esbuild-sunos-64" "0.14.54"
    "esbuild-windows-32" "0.14.54"
    "esbuild-windows-64" "0.14.54"
    "esbuild-windows-arm64" "0.14.54"

"estree-walker@^1.0.1":
  "integrity" "sha512-1fMXF3YP4pZZVozF8j/ZLfvnR8NSIljt56UhbZ5PeeDmmGHpgpdwQt7ITlGvYaQukCvuBRMLEiKiYC+oeIg4cg=="
  "resolved" "https://registry.npmjs.org/estree-walker/-/estree-walker-1.0.1.tgz"
  "version" "1.0.1"

"fast-glob@^3.2.11":
  "integrity" "sha512-xrO3+1bxSo3ZVHAnqzyuewYT6aMFHRAd4Kcs92MAonjwQZLsK9d0SF1IyQ3k5PoirxTW0Oe/RqFgMQ6TcNE5Ew=="
  "resolved" "https://registry.npmjs.org/fast-glob/-/fast-glob-3.2.11.tgz"
  "version" "3.2.11"
  dependencies:
    "@nodelib/fs.stat" "^2.0.2"
    "@nodelib/fs.walk" "^1.2.3"
    "glob-parent" "^5.1.2"
    "merge2" "^1.3.0"
    "micromatch" "^4.0.4"

"fastq@^1.6.0":
  "integrity" "sha512-YpkpUnK8od0o1hmeSc7UUs/eB/vIPWJYjKck2QKIzAf71Vm1AAQ3EbuZB3g2JIy+pg+ERD0vqI79KyZiB2e2Nw=="
  "resolved" "https://registry.npmjs.org/fastq/-/fastq-1.13.0.tgz"
  "version" "1.13.0"
  dependencies:
    "reusify" "^1.0.4"

"fill-range@^7.0.1":
  "integrity" "sha512-qOo9F+dMUmC2Lcb4BbVvnKJxTPjCm+RRpe4gDuGrzkL7mEVl/djYSu2OdQ2Pa302N4oqkSg9ir6jaLWJ2USVpQ=="
  "resolved" "https://registry.npmjs.org/fill-range/-/fill-range-7.0.1.tgz"
  "version" "7.0.1"
  dependencies:
    "to-regex-range" "^5.0.1"

"function-bind@^1.1.1":
  "integrity" "sha512-yIovAzMX49sF8Yl58fSCWJ5svSLuaibPxXQJFLmBObTuCr0Mf1KiPopGM9NiFjiYBCbfaa2Fh6breQ6ANVTI0A=="
  "resolved" "https://registry.npmjs.org/function-bind/-/function-bind-1.1.1.tgz"
  "version" "1.1.1"

"glob-parent@^5.1.2":
  "integrity" "sha512-AOIgSQCepiJYwP3ARnGx+5VnTu2HBYdzbGP45eLw1vr3zB3vZLeyed1sC9hnbcOc9/SrMyM5RPQrkGz4aS9Zow=="
  "resolved" "https://registry.npmjs.org/glob-parent/-/glob-parent-5.1.2.tgz"
  "version" "5.1.2"
  dependencies:
    "is-glob" "^4.0.1"

"has@^1.0.3":
  "integrity" "sha512-f2dvO0VU6Oej7RkWJGrehjbzMAjFp5/VKPp5tTpWIV4JHHZK1/BxbFRtf/siA2SWTe09caDmVtYYzWEIbBS4zw=="
  "resolved" "https://registry.npmjs.org/has/-/has-1.0.3.tgz"
  "version" "1.0.3"
  dependencies:
    "function-bind" "^1.1.1"

"is-core-module@^2.9.0":
  "integrity" "sha512-Erxj2n/LDAZ7H8WNJXd9tw38GYM3dv8rk8Zcs+jJuxYTW7sozH+SS8NtrSjVL1/vpLvWi1hxy96IzjJ3EHTJJg=="
  "resolved" "https://registry.npmjs.org/is-core-module/-/is-core-module-2.10.0.tgz"
  "version" "2.10.0"
  dependencies:
    "has" "^1.0.3"

"is-extglob@^2.1.1":
  "integrity" "sha512-SbKbANkN603Vi4jEZv49LeVJMn4yGwsbzZworEoyEiutsN3nJYdbO36zfhGJ6QEDpOZIFkDtnq5JRxmvl3jsoQ=="
  "resolved" "https://registry.npmjs.org/is-extglob/-/is-extglob-2.1.1.tgz"
  "version" "2.1.1"

"is-glob@^4.0.1":
  "integrity" "sha512-xelSayHH36ZgE7ZWhli7pW34hNbNl8Ojv5KVmkJD4hBdD3th8Tfk9vYasLM+mXWOZhFkgZfxhLSnrwRr4elSSg=="
  "resolved" "https://registry.npmjs.org/is-glob/-/is-glob-4.0.3.tgz"
  "version" "4.0.3"
  dependencies:
    "is-extglob" "^2.1.1"

"is-number@^7.0.0":
  "integrity" "sha512-41Cifkg6e8TylSpdtTpeLVMqvSBEVzTttHvERD741+pnZ8ANv0004MRL43QKPDlK9cGvNp6NZWZUBlbGXYxxng=="
  "resolved" "https://registry.npmjs.org/is-number/-/is-number-7.0.0.tgz"
  "version" "7.0.0"

"make-error@^1.1.1":
  "integrity" "sha512-s8UhlNe7vPKomQhC1qFelMokr/Sc3AgNbso3n74mVPA5LTZwkB9NlXf4XPamLxJE8h0gh73rM94xvwRT2CVInw=="
  "resolved" "https://registry.npmjs.org/make-error/-/make-error-1.3.6.tgz"
  "version" "1.3.6"

"merge2@^1.3.0":
  "integrity" "sha512-8q7VEgMJW4J8tcfVPy8g09NcQwZdbwFEqhe/WZkoIzjn/3TGDwtOCYtXGxA3O8tPzpczCCDgv+P2P5y00ZJOOg=="
  "resolved" "https://registry.npmjs.org/merge2/-/merge2-1.4.1.tgz"
  "version" "1.4.1"

"micromatch@^4.0.4":
  "integrity" "sha512-DMy+ERcEW2q8Z2Po+WNXuw3c5YaUSFjAO5GsJqfEl7UjvtIuFKO6ZrKvcItdy98dwFI2N1tg3zNIdKaQT+aNdA=="
  "resolved" "https://registry.npmjs.org/micromatch/-/micromatch-4.0.5.tgz"
  "version" "4.0.5"
  dependencies:
    "braces" "^3.0.2"
    "picomatch" "^2.3.1"

"minimatch@^5.1.0":
  "integrity" "sha512-9TPBGGak4nHfGZsPBohm9AWg6NoT7QTCehS3BIJABslyZbzxfV78QM2Y6+i741OPZIafFAaiiEMh5OyIrJPgtg=="
  "resolved" "https://registry.npmjs.org/minimatch/-/minimatch-5.1.0.tgz"
  "version" "5.1.0"
  dependencies:
    "brace-expansion" "^2.0.1"

"mkdirp@^1.0.4":
  "integrity" "sha512-vVqVZQyf3WLx2Shd0qJ9xuvqgAyKPLAiqITEtqW0oIUjzo3PePDd6fW9iFz30ef7Ysp/oiWqbhszeGWW2T6Gzw=="
  "resolved" "https://registry.npmjs.org/mkdirp/-/mkdirp-1.0.4.tgz"
  "version" "1.0.4"

"nanoid@^3.3.4":
  "integrity" "sha512-MqBkQh/OHTS2egovRtLk45wEyNXwF+cokD+1YPf9u5VfJiRdAiRwB2froX5Co9Rh20xs4siNPm8naNotSD6RBw=="
  "resolved" "https://registry.npmjs.org/nanoid/-/nanoid-3.3.4.tgz"
  "version" "3.3.4"

"path-browserify@^1.0.1":
  "integrity" "sha512-b7uo2UCUOYZcnF/3ID0lulOJi/bafxa1xPe7ZPsammBSpjSWQkjNxlt635YGS2MiR9GjvuXCtz2emr3jbsz98g=="
  "resolved" "https://registry.npmjs.org/path-browserify/-/path-browserify-1.0.1.tgz"
  "version" "1.0.1"

"path-parse@^1.0.7":
  "integrity" "sha512-LDJzPVEEEPR+y48z93A0Ed0yXb8pAByGWo/k5YYdYgpY2/2EsOsksJrq7lOHxryrVOn1ejG6oAp8ahvOIQD8sw=="
  "resolved" "https://registry.npmjs.org/path-parse/-/path-parse-1.0.7.tgz"
  "version" "1.0.7"

"picocolors@^1.0.0":
  "integrity" "sha512-1fygroTLlHu66zi26VoTDv8yRgm0Fccecssto+MhsZ0D/DGW2sm8E8AjW7NU5VVTRt5GxbeZ5qBuJr+HyLYkjQ=="
  "resolved" "https://registry.npmjs.org/picocolors/-/picocolors-1.0.0.tgz"
  "version" "1.0.0"

"picomatch@^2.2.2", "picomatch@^2.3.1":
  "integrity" "sha512-JU3teHTNjmE2VCGFzuY8EXzCDVwEqB2a8fsIvwaStHhAWJEeVd1o1QD80CU6+ZdEXXSLbSsuLwJjkCBWqRQUVA=="
  "resolved" "https://registry.npmjs.org/picomatch/-/picomatch-2.3.1.tgz"
  "version" "2.3.1"

"postcss@^8.4.16":
  "integrity" "sha512-ipHE1XBvKzm5xI7hiHCZJCSugxvsdq2mPnsq5+UF+VHCjiBvtDrlxJfMBToWaP9D5XlgNmcFGqoHmUn0EYEaRQ=="
  "resolved" "https://registry.npmjs.org/postcss/-/postcss-8.4.16.tgz"
  "version" "8.4.16"
  dependencies:
    "nanoid" "^3.3.4"
    "picocolors" "^1.0.0"
    "source-map-js" "^1.0.2"

"queue-microtask@^1.2.2":
  "integrity" "sha512-NuaNSa6flKT5JaSYQzJok04JzTL1CA6aGhv5rfLW3PgqA+M2ChpZQnAC8h8i4ZFkBS8X5RqkDBHA7r4hej3K9A=="
  "resolved" "https://registry.npmjs.org/queue-microtask/-/queue-microtask-1.2.3.tgz"
  "version" "1.2.3"

"resolve@^1.17.0", "resolve@^1.22.1":
  "integrity" "sha512-nBpuuYuY5jFsli/JIs1oldw6fOQCBioohqWZg/2hiaOybXOft4lonv85uDOKXdf8rhyK159cxU5cDcK/NKk8zw=="
  "resolved" "https://registry.npmjs.org/resolve/-/resolve-1.22.1.tgz"
  "version" "1.22.1"
  dependencies:
    "is-core-module" "^2.9.0"
    "path-parse" "^1.0.7"
    "supports-preserve-symlinks-flag" "^1.0.0"

"reusify@^1.0.4":
  "integrity" "sha512-U9nH88a3fc/ekCF1l0/UP1IosiuIjyTh7hBvXVMHYgVcfGvt897Xguj2UOLDeI5BG2m7/uwyaLVT6fbtCwTyzw=="
  "resolved" "https://registry.npmjs.org/reusify/-/reusify-1.0.4.tgz"
  "version" "1.0.4"

"rollup@^1.20.0||^2.0.0", "rollup@^2.14.0":
  "integrity" "sha512-VeeCgtGi4P+o9hIg+xz4qQpRl6R401LWEXBmxYKOV4zlF82lyhgh2hTZnheFUbANE8l2A41F458iwj2vEYaXJg=="
  "resolved" "https://registry.npmjs.org/rollup/-/rollup-2.78.1.tgz"
  "version" "2.78.1"
  optionalDependencies:
    "fsevents" "~2.3.2"

"rollup@>=2.75.6 <2.77.0 || ~2.77.0":
  "integrity" "sha512-/qxNTG7FbmefJWoeeYJFbHehJ2HNWnjkAFRKzWN/45eNBBF/r8lo992CwcJXEzyVxs5FmfId+vTSTQDb+bxA+g=="
  "resolved" "https://registry.npmjs.org/rollup/-/rollup-2.77.3.tgz"
  "version" "2.77.3"
  optionalDependencies:
    "fsevents" "~2.3.2"

"run-parallel@^1.1.9":
  "integrity" "sha512-5l4VyZR86LZ/lDxZTR6jqL8AFE2S0IFLMP26AbjsLVADxHdhB/c0GUsH+y39UfCi3dzz8OlQuPmnaJOMoDHQBA=="
  "resolved" "https://registry.npmjs.org/run-parallel/-/run-parallel-1.2.0.tgz"
  "version" "1.2.0"
  dependencies:
    "queue-microtask" "^1.2.2"

"source-map-js@^1.0.2":
  "integrity" "sha512-R0XvVJ9WusLiqTCEiGCmICCMplcCkIwwR11mOSD9CR5u+IXYdiseeEuXCVAjS54zqwkLcPNnmU4OeJ6tUrWhDw=="
  "resolved" "https://registry.npmjs.org/source-map-js/-/source-map-js-1.0.2.tgz"
  "version" "1.0.2"

"supports-preserve-symlinks-flag@^1.0.0":
  "integrity" "sha512-ot0WnXS9fgdkgIcePe6RHNk1WA8+muPa6cSjeR3V8K27q9BB1rTE3R1p7Hv0z1ZyAc8s6Vvv8DIyWf681MAt0w=="
  "resolved" "https://registry.npmjs.org/supports-preserve-symlinks-flag/-/supports-preserve-symlinks-flag-1.0.0.tgz"
  "version" "1.0.0"

"to-regex-range@^5.0.1":
  "integrity" "sha512-65P7iz6X5yEr1cwcgvQxbbIw7Uk3gOy5dIdtZ4rDveLqhrdJP+Li/Hx6tyK0NEb+2GCyneCMJiGqrADCSNk8sQ=="
  "resolved" "https://registry.npmjs.org/to-regex-range/-/to-regex-range-5.0.1.tgz"
  "version" "5.0.1"
  dependencies:
    "is-number" "^7.0.0"

"ts-morph@^15.1.0":
  "integrity" "sha512-RBsGE2sDzUXFTnv8Ba22QfeuKbgvAGJFuTN7HfmIRUkgT/NaVLfDM/8OFm2NlFkGlWEXdpW5OaFIp1jvqdDuOg=="
  "resolved" "https://registry.npmjs.org/ts-morph/-/ts-morph-15.1.0.tgz"
  "version" "15.1.0"
  dependencies:
    "@ts-morph/common" "~0.16.0"
    "code-block-writer" "^11.0.0"

"ts-node@^10.9.1":
  "integrity" "sha512-NtVysVPkxxrwFGUUxGYhfux8k78pQB3JqYBXlLRZgdGUqTO5wU/UyHop5p70iEbGhB7q5KmiZiU0Y3KlJrScEw=="
  "resolved" "https://registry.npmjs.org/ts-node/-/ts-node-10.9.1.tgz"
  "version" "10.9.1"
  dependencies:
    "@cspotcode/source-map-support" "^0.8.0"
    "@tsconfig/node10" "^1.0.7"
    "@tsconfig/node12" "^1.0.7"
    "@tsconfig/node14" "^1.0.0"
    "@tsconfig/node16" "^1.0.2"
    "acorn" "^8.4.1"
    "acorn-walk" "^8.1.1"
    "arg" "^4.1.0"
    "create-require" "^1.1.0"
    "diff" "^4.0.1"
    "make-error" "^1.1.1"
    "v8-compile-cache-lib" "^3.0.1"
    "yn" "3.1.1"

"tslib@*", "tslib@^2.4.0":
  "integrity" "sha512-d6xOpEDfsi2CZVlPQzGeux8XMwLT9hssAsaPYExaQMuYskwb+x1x7J371tWlbBdWHroy99KnVB6qIkUbs5X3UQ=="
  "resolved" "https://registry.npmjs.org/tslib/-/tslib-2.4.0.tgz"
  "version" "2.4.0"

"typescript@>=2.7", "typescript@>=3.7.0", "typescript@4.7.4":
  "integrity" "sha512-C0WQT0gezHuw6AdY1M2jxUO83Rjf0HP7Sk1DtXj6j1EwkQNZrHAg2XPWlq62oqEhYvONq5pkC2Y9oPljWToLmQ=="
  "resolved" "https://registry.npmjs.org/typescript/-/typescript-4.7.4.tgz"
  "version" "4.7.4"

"v8-compile-cache-lib@^3.0.1":
  "integrity" "sha512-wa7YjyUGfNZngI/vtK0UHAN+lgDCxBPCylVXGp0zu59Fz5aiGtNXaq3DhIov063MorB+VfufLh3JlF2KdTK3xg=="
  "resolved" "https://registry.npmjs.org/v8-compile-cache-lib/-/v8-compile-cache-lib-3.0.1.tgz"
  "version" "3.0.1"

"vite@^3.0.7":
  "integrity" "sha512-waYABTM+G6DBTCpYAxvevpG50UOlZuynR0ckTK5PawNVt7ebX6X7wNXHaGIO6wYYFXSM7/WcuFuO2QzhBB6aMw=="
  "resolved" "https://registry.npmjs.org/vite/-/vite-3.0.9.tgz"
  "version" "3.0.9"
  dependencies:
    "esbuild" "^0.14.47"
    "postcss" "^8.4.16"
    "resolve" "^1.22.1"
    "rollup" ">=2.75.6 <2.77.0 || ~2.77.0"
  optionalDependencies:
    "fsevents" "~2.3.2"

"yn@3.1.1":
  "integrity" "sha512-Ux4ygGWsu2c7isFWe8Yu1YluJmqVhxqK2cLXNQA5AcC3QfbGNpM7fu0Y8b/z16pXLnFxZYvWhd3fhBY9DLmC6Q=="
  "resolved" "https://registry.npmjs.org/yn/-/yn-3.1.1.tgz"
  "version" "3.1.1"
